
Microsoft Visual Studio Solution File, Format Version 12.00
# Visual Studio Version 17
VisualStudioVersion = 17.2.32630.192
MinimumVisualStudioVersion = 10.0.40219.1
Project("{FAE04EC0-301F-11D3-BF4B-00C04F79EFBC}") = "DarkMode_2", "DarkMode_2.csproj", "{4632FA56-60E4-4F55-958F-8283C97D2042}"
EndProject
Project("{FAE04EC0-301F-11D3-BF4B-00C04F79EFBC}") = "DarkMode2Service", "..\DarkMode2Service\DarkMode2Service\DarkMode2Service.csproj", "{9576E314-1F6F-4A71-8AB2-A5138086589B}"
EndProject
Global
	GlobalSection(SolutionConfigurationPlatforms) = preSolution
		Debug|Any CPU = Debug|Any CPU
		Release|Any CPU = Release|Any CPU
	EndGlobalSection
	GlobalSection(ProjectConfigurationPlatforms) = postSolution
		{4632FA56-60E4-4F55-958F-8283C97D2042}.Debug|Any CPU.ActiveCfg = Debug|Any CPU
		{4632FA56-60E4-4F55-958F-8283C97D2042}.Debug|Any CPU.Build.0 = Debug|Any CPU
		{4632FA56-60E4-4F55-958F-8283C97D2042}.Release|Any CPU.ActiveCfg = Release|Any CPU
		{4632FA56-60E4-4F55-958F-8283C97D2042}.Release|Any CPU.Build.0 = Release|Any CPU
		{9576E314-1F6F-4A71-8AB2-A5138086589B}.Debug|Any CPU.ActiveCfg = Debug|Any CPU
		{9576E314-1F6F-4A71-8AB2-A5138086589B}.Debug|Any CPU.Build.0 = Debug|Any CPU
		{9576E314-1F6F-4A71-8AB2-A5138086589B}.Release|Any CPU.ActiveCfg = Release|Any CPU
		{9576E314-1F6F-4A71-8AB2-A5138086589B}.Release|Any CPU.Build.0 = Release|Any CPU
	EndGlobalSection
	GlobalSection(SolutionProperties) = preSolution
		HideSolutionNode = FALSE
	EndGlobalSection
	GlobalSection(ExtensibilityGlobals) = postSolution
		SolutionGuid = {A79E25F7-72FA-46DA-92EA-1EED14406992}
	EndGlobalSection
EndGlobal
